symfony 1e992c299ee1204399a29ce93b700dbee07852b7
twig a12aec38c3e57814543ffd049101c2f54dd3e257
monolog ff6d7fce5cbe52fa98d143199a3d58b2372b36de
doctrine-common 0ba250a785178d7cdb579ce82151731c04849abf
doctrine-dbal cfcad35f11a81feba19a25dc6f4afde603639438
doctrine 5c9b3d0b92f0c4e7b0ead1e87e7a8730e8115242
swiftmailer 640d501b5071c83f9bbe8c98c0b2c6a815e31dbe
assetic 2b53d8763909008a623d70351e392964989d17d3
twig-extensions 6b0cc16934b6e62ef07c8d2e59f9f13ff3193d3d
metadata aa04872c6f0e2b32128b62dd075e8cf97a8d93da
SensioFrameworkExtraBundle d529f700916be3beccfb93cf356bca018db9ba95
JMSSecurityExtraBundle 5676f8ddbc512713e101cb123baf5cd500edefbb
WebConfiguratorBundle 4aa1fd14302d1251d4a5c78a70ce9f2717c5748c
AsseticBundle 6d597c4abeb513198f153a0a695612fcfd688972
doctrine-fixtures d6b447044b02102d127bbf7e825341577647d34b
DoctrineFixturesBundle 59a7b03af68acb5eb0b2c57acf31fb5688155f66
SonataAdminBundle 15a587b377e2ca15d273311d55ec5542caaac9fc
jQueryBundle cb7039bd694711e17b4db675434eb4ab8bc65d95
BluePrintBundle 3afb460b93d5e5933ff95b723d239b9864dc5e84
MenuBundle f0c588de5461a0601aec4908d30ffba04671f463